
Microsoft Visual Studio Solution File, Format Version 12.00
# Visual Studio 15
VisualStudioVersion = 15.0.27428.2037
MinimumVisualStudioVersion = 10.0.40219.1
Project("{9A19103F-16F7-4668-BE54-9A1E7A4F7556}") = "Ruzzie.Common", "Ruzzie.Common\Ruzzie.Common.csproj", "{DD19FD5D-893C-49F6-BC0C-8C62824FD801}"
EndProject
Project("{D954291E-2A0B-460D-934E-DC6B0785DB48}") = "Ruzzie.Common.UnitTests.Shared", "Ruzzie.Common.UnitTests\Ruzzie.Common.UnitTests.Shared.shproj", "{3C8E3843-2C79-4D22-B42C-D5F577ECF7AD}"
EndProject
Project("{FAE04EC0-301F-11D3-BF4B-00C04F79EFBC}") = "Ruzzie.Common.NET461.UnitTests", "Ruzzie.Common.NET461.UnitTests\Ruzzie.Common.NET461.UnitTests.csproj", "{60F78A54-DCFA-4DB3-B7AA-841CE3D57980}"
EndProject
Project("{9A19103F-16F7-4668-BE54-9A1E7A4F7556}") = "Ruzzie.Common.NetCore.UnitTests", "Ruzzie.Common.NetCore.UnitTests\Ruzzie.Common.NetCore.UnitTests.csproj", "{8EB7089E-97DD-4E56-BE32-5B2FB89F1053}"
EndProject
Project("{FAE04EC0-301F-11D3-BF4B-00C04F79EFBC}") = "Ruzzie.Common.NET40.UnitTests", "Ruzzie.Common.NET40.UnitTests\Ruzzie.Common.NET40.UnitTests.csproj", "{1521F58A-A957-4D4D-B279-27B90AF17DF7}"
EndProject
Global
	GlobalSection(SharedMSBuildProjectFiles) = preSolution
		Ruzzie.Common.UnitTests\Ruzzie.Common.UnitTests.Shared.projitems*{1521f58a-a957-4d4d-b279-27b90af17df7}*SharedItemsImports = 4
		Ruzzie.Common.UnitTests\Ruzzie.Common.UnitTests.Shared.projitems*{3c8e3843-2c79-4d22-b42c-d5f577ecf7ad}*SharedItemsImports = 13
		Ruzzie.Common.UnitTests\Ruzzie.Common.UnitTests.Shared.projitems*{60f78a54-dcfa-4db3-b7aa-841ce3d57980}*SharedItemsImports = 4
	EndGlobalSection
	GlobalSection(SolutionConfigurationPlatforms) = preSolution
		Debug|Any CPU = Debug|Any CPU
		Debug|ARM = Debug|ARM
		Debug|ARM64 = Debug|ARM64
		Debug|x64 = Debug|x64
		Debug|x86 = Debug|x86
		Release|Any CPU = Release|Any CPU
		Release|ARM = Release|ARM
		Release|ARM64 = Release|ARM64
		Release|x64 = Release|x64
		Release|x86 = Release|x86
	EndGlobalSection
	GlobalSection(ProjectConfigurationPlatforms) = postSolution
		{DD19FD5D-893C-49F6-BC0C-8C62824FD801}.Debug|Any CPU.ActiveCfg = Debug|Any CPU
		{DD19FD5D-893C-49F6-BC0C-8C62824FD801}.Debug|Any CPU.Build.0 = Debug|Any CPU
		{DD19FD5D-893C-49F6-BC0C-8C62824FD801}.Debug|ARM.ActiveCfg = Debug|Any CPU
		{DD19FD5D-893C-49F6-BC0C-8C62824FD801}.Debug|ARM.Build.0 = Debug|Any CPU
		{DD19FD5D-893C-49F6-BC0C-8C62824FD801}.Debug|ARM64.ActiveCfg = Debug|Any CPU
		{DD19FD5D-893C-49F6-BC0C-8C62824FD801}.Debug|ARM64.Build.0 = Debug|Any CPU
		{DD19FD5D-893C-49F6-BC0C-8C62824FD801}.Debug|x64.ActiveCfg = Debug|Any CPU
		{DD19FD5D-893C-49F6-BC0C-8C62824FD801}.Debug|x64.Build.0 = Debug|Any CPU
		{DD19FD5D-893C-49F6-BC0C-8C62824FD801}.Debug|x86.ActiveCfg = Debug|Any CPU
		{DD19FD5D-893C-49F6-BC0C-8C62824FD801}.Debug|x86.Build.0 = Debug|Any CPU
		{DD19FD5D-893C-49F6-BC0C-8C62824FD801}.Release|Any CPU.ActiveCfg = Release|Any CPU
		{DD19FD5D-893C-49F6-BC0C-8C62824FD801}.Release|Any CPU.Build.0 = Release|Any CPU
		{DD19FD5D-893C-49F6-BC0C-8C62824FD801}.Release|ARM.ActiveCfg = Release|Any CPU
		{DD19FD5D-893C-49F6-BC0C-8C62824FD801}.Release|ARM.Build.0 = Release|Any CPU
		{DD19FD5D-893C-49F6-BC0C-8C62824FD801}.Release|ARM64.ActiveCfg = Release|Any CPU
		{DD19FD5D-893C-49F6-BC0C-8C62824FD801}.Release|ARM64.Build.0 = Release|Any CPU
		{DD19FD5D-893C-49F6-BC0C-8C62824FD801}.Release|x64.ActiveCfg = Release|Any CPU
		{DD19FD5D-893C-49F6-BC0C-8C62824FD801}.Release|x64.Build.0 = Release|Any CPU
		{DD19FD5D-893C-49F6-BC0C-8C62824FD801}.Release|x86.ActiveCfg = Release|Any CPU
		{DD19FD5D-893C-49F6-BC0C-8C62824FD801}.Release|x86.Build.0 = Release|Any CPU
		{60F78A54-DCFA-4DB3-B7AA-841CE3D57980}.Debug|Any CPU.ActiveCfg = Debug|Any CPU
		{60F78A54-DCFA-4DB3-B7AA-841CE3D57980}.Debug|Any CPU.Build.0 = Debug|Any CPU
		{60F78A54-DCFA-4DB3-B7AA-841CE3D57980}.Debug|ARM.ActiveCfg = Debug|Any CPU
		{60F78A54-DCFA-4DB3-B7AA-841CE3D57980}.Debug|ARM.Build.0 = Debug|Any CPU
		{60F78A54-DCFA-4DB3-B7AA-841CE3D57980}.Debug|ARM64.ActiveCfg = Debug|Any CPU
		{60F78A54-DCFA-4DB3-B7AA-841CE3D57980}.Debug|ARM64.Build.0 = Debug|Any CPU
		{60F78A54-DCFA-4DB3-B7AA-841CE3D57980}.Debug|x64.ActiveCfg = Debug|Any CPU
		{60F78A54-DCFA-4DB3-B7AA-841CE3D57980}.Debug|x64.Build.0 = Debug|Any CPU
		{60F78A54-DCFA-4DB3-B7AA-841CE3D57980}.Debug|x86.ActiveCfg = Debug|Any CPU
		{60F78A54-DCFA-4DB3-B7AA-841CE3D57980}.Debug|x86.Build.0 = Debug|Any CPU
		{60F78A54-DCFA-4DB3-B7AA-841CE3D57980}.Release|Any CPU.ActiveCfg = Release|Any CPU
		{60F78A54-DCFA-4DB3-B7AA-841CE3D57980}.Release|Any CPU.Build.0 = Release|Any CPU
		{60F78A54-DCFA-4DB3-B7AA-841CE3D57980}.Release|ARM.ActiveCfg = Release|Any CPU
		{60F78A54-DCFA-4DB3-B7AA-841CE3D57980}.Release|ARM.Build.0 = Release|Any CPU
		{60F78A54-DCFA-4DB3-B7AA-841CE3D57980}.Release|ARM64.ActiveCfg = Release|Any CPU
		{60F78A54-DCFA-4DB3-B7AA-841CE3D57980}.Release|ARM64.Build.0 = Release|Any CPU
		{60F78A54-DCFA-4DB3-B7AA-841CE3D57980}.Release|x64.ActiveCfg = Release|Any CPU
		{60F78A54-DCFA-4DB3-B7AA-841CE3D57980}.Release|x64.Build.0 = Release|Any CPU
		{60F78A54-DCFA-4DB3-B7AA-841CE3D57980}.Release|x86.ActiveCfg = Release|Any CPU
		{60F78A54-DCFA-4DB3-B7AA-841CE3D57980}.Release|x86.Build.0 = Release|Any CPU
		{8EB7089E-97DD-4E56-BE32-5B2FB89F1053}.Debug|Any CPU.ActiveCfg = Debug|Any CPU
		{8EB7089E-97DD-4E56-BE32-5B2FB89F1053}.Debug|Any CPU.Build.0 = Debug|Any CPU
		{8EB7089E-97DD-4E56-BE32-5B2FB89F1053}.Debug|ARM.ActiveCfg = Debug|Any CPU
		{8EB7089E-97DD-4E56-BE32-5B2FB89F1053}.Debug|ARM.Build.0 = Debug|Any CPU
		{8EB7089E-97DD-4E56-BE32-5B2FB89F1053}.Debug|ARM64.ActiveCfg = Debug|Any CPU
		{8EB7089E-97DD-4E56-BE32-5B2FB89F1053}.Debug|ARM64.Build.0 = Debug|Any CPU
		{8EB7089E-97DD-4E56-BE32-5B2FB89F1053}.Debug|x64.ActiveCfg = Debug|Any CPU
		{8EB7089E-97DD-4E56-BE32-5B2FB89F1053}.Debug|x64.Build.0 = Debug|Any CPU
		{8EB7089E-97DD-4E56-BE32-5B2FB89F1053}.Debug|x86.ActiveCfg = Debug|Any CPU
		{8EB7089E-97DD-4E56-BE32-5B2FB89F1053}.Debug|x86.Build.0 = Debug|Any CPU
		{8EB7089E-97DD-4E56-BE32-5B2FB89F1053}.Release|Any CPU.ActiveCfg = Release|Any CPU
		{8EB7089E-97DD-4E56-BE32-5B2FB89F1053}.Release|Any CPU.Build.0 = Release|Any CPU
		{8EB7089E-97DD-4E56-BE32-5B2FB89F1053}.Release|ARM.ActiveCfg = Release|Any CPU
		{8EB7089E-97DD-4E56-BE32-5B2FB89F1053}.Release|ARM.Build.0 = Release|Any CPU
		{8EB7089E-97DD-4E56-BE32-5B2FB89F1053}.Release|ARM64.ActiveCfg = Release|Any CPU
		{8EB7089E-97DD-4E56-BE32-5B2FB89F1053}.Release|ARM64.Build.0 = Release|Any CPU
		{8EB7089E-97DD-4E56-BE32-5B2FB89F1053}.Release|x64.ActiveCfg = Release|Any CPU
		{8EB7089E-97DD-4E56-BE32-5B2FB89F1053}.Release|x64.Build.0 = Release|Any CPU
		{8EB7089E-97DD-4E56-BE32-5B2FB89F1053}.Release|x86.ActiveCfg = Release|Any CPU
		{8EB7089E-97DD-4E56-BE32-5B2FB89F1053}.Release|x86.Build.0 = Release|Any CPU
		{1521F58A-A957-4D4D-B279-27B90AF17DF7}.Debug|Any CPU.ActiveCfg = Debug|Any CPU
		{1521F58A-A957-4D4D-B279-27B90AF17DF7}.Debug|Any CPU.Build.0 = Debug|Any CPU
		{1521F58A-A957-4D4D-B279-27B90AF17DF7}.Debug|ARM.ActiveCfg = Debug|Any CPU
		{1521F58A-A957-4D4D-B279-27B90AF17DF7}.Debug|ARM.Build.0 = Debug|Any CPU
		{1521F58A-A957-4D4D-B279-27B90AF17DF7}.Debug|ARM64.ActiveCfg = Debug|Any CPU
		{1521F58A-A957-4D4D-B279-27B90AF17DF7}.Debug|ARM64.Build.0 = Debug|Any CPU
		{1521F58A-A957-4D4D-B279-27B90AF17DF7}.Debug|x64.ActiveCfg = Debug|Any CPU
		{1521F58A-A957-4D4D-B279-27B90AF17DF7}.Debug|x64.Build.0 = Debug|Any CPU
		{1521F58A-A957-4D4D-B279-27B90AF17DF7}.Debug|x86.ActiveCfg = Debug|Any CPU
		{1521F58A-A957-4D4D-B279-27B90AF17DF7}.Debug|x86.Build.0 = Debug|Any CPU
		{1521F58A-A957-4D4D-B279-27B90AF17DF7}.Release|Any CPU.ActiveCfg = Release|Any CPU
		{1521F58A-A957-4D4D-B279-27B90AF17DF7}.Release|Any CPU.Build.0 = Release|Any CPU
		{1521F58A-A957-4D4D-B279-27B90AF17DF7}.Release|ARM.ActiveCfg = Release|Any CPU
		{1521F58A-A957-4D4D-B279-27B90AF17DF7}.Release|ARM.Build.0 = Release|Any CPU
		{1521F58A-A957-4D4D-B279-27B90AF17DF7}.Release|ARM64.ActiveCfg = Release|Any CPU
		{1521F58A-A957-4D4D-B279-27B90AF17DF7}.Release|ARM64.Build.0 = Release|Any CPU
		{1521F58A-A957-4D4D-B279-27B90AF17DF7}.Release|x64.ActiveCfg = Release|Any CPU
		{1521F58A-A957-4D4D-B279-27B90AF17DF7}.Release|x64.Build.0 = Release|Any CPU
		{1521F58A-A957-4D4D-B279-27B90AF17DF7}.Release|x86.ActiveCfg = Release|Any CPU
		{1521F58A-A957-4D4D-B279-27B90AF17DF7}.Release|x86.Build.0 = Release|Any CPU
	EndGlobalSection
	GlobalSection(SolutionProperties) = preSolution
		HideSolutionNode = FALSE
	EndGlobalSection
	GlobalSection(ExtensibilityGlobals) = postSolution
		SolutionGuid = {DC2BA69D-C35C-426B-9D6B-3529F98C254B}
	EndGlobalSection
EndGlobal
